
Microsoft Visual Studio Solution File, Format Version 12.00
# Visual Studio Version 17
VisualStudioVersion = 17.11.35303.130
MinimumVisualStudioVersion = 10.0.40219.1
Project("{9A19103F-16F7-4668-BE54-9A1E7A4F7556}") = "RapidRepo", "RapidRepo\RapidRepo.csproj", "{B81467F7-7329-4BC5-BFF7-36CEC7AFE1F0}"
EndProject
Project("{9A19103F-16F7-4668-BE54-9A1E7A4F7556}") = "RapidRepo.Tests", "RapidRepo.Tests\RapidRepo.Tests.csproj", "{019B7CAC-3AF9-47D6-9BCB-6B9BE37207D4}"
EndProject
Project("{FAE04EC0-301F-11D3-BF4B-00C04F79EFBC}") = "RapidRepo.Extensions.DependencyInjection", "RapidRepo.Extensions.DependencyInjection\RapidRepo.Extensions.DependencyInjection.csproj", "{238EE651-0D91-49A2-A208-7CB69DE7F9E6}"
EndProject
Project("{FAE04EC0-301F-11D3-BF4B-00C04F79EFBC}") = "RapidRepo.Extensions.DependencyInjection.Tests", "RapidRepo.Extensions.DependencyInjection.Tests\RapidRepo.Extensions.DependencyInjection.Tests.csproj", "{A70FD4BC-82BB-43D0-A755-517C937B3B38}"
EndProject
Project("{FAE04EC0-301F-11D3-BF4B-00C04F79EFBC}") = "RapidRepo.SourceGenerators", "RapidRepo.SourceGenerators\RapidRepo.SourceGenerators.csproj", "{CEBFDB91-349C-4459-99A9-00DDF85B5B9F}"
EndProject
Project("{FAE04EC0-301F-11D3-BF4B-00C04F79EFBC}") = "RapidRepo.SourceGenerators.Tests", "RapidRepo.SourceGenerators.Tests\RapidRepo.SourceGenerators.Tests.csproj", "{C1864032-992F-456C-A263-A15A3DD6E35B}"
EndProject
Global
	GlobalSection(SolutionConfigurationPlatforms) = preSolution
		Debug|Any CPU = Debug|Any CPU
		Debug|x64 = Debug|x64
		Debug|x86 = Debug|x86
		Release|Any CPU = Release|Any CPU
		Release|x64 = Release|x64
		Release|x86 = Release|x86
	EndGlobalSection
	GlobalSection(ProjectConfigurationPlatforms) = postSolution
		{B81467F7-7329-4BC5-BFF7-36CEC7AFE1F0}.Debug|Any CPU.ActiveCfg = Debug|Any CPU
		{B81467F7-7329-4BC5-BFF7-36CEC7AFE1F0}.Debug|Any CPU.Build.0 = Debug|Any CPU
		{B81467F7-7329-4BC5-BFF7-36CEC7AFE1F0}.Debug|x64.ActiveCfg = Debug|Any CPU
		{B81467F7-7329-4BC5-BFF7-36CEC7AFE1F0}.Debug|x64.Build.0 = Debug|Any CPU
		{B81467F7-7329-4BC5-BFF7-36CEC7AFE1F0}.Debug|x86.ActiveCfg = Debug|Any CPU
		{B81467F7-7329-4BC5-BFF7-36CEC7AFE1F0}.Debug|x86.Build.0 = Debug|Any CPU
		{B81467F7-7329-4BC5-BFF7-36CEC7AFE1F0}.Release|Any CPU.ActiveCfg = Release|Any CPU
		{B81467F7-7329-4BC5-BFF7-36CEC7AFE1F0}.Release|Any CPU.Build.0 = Release|Any CPU
		{B81467F7-7329-4BC5-BFF7-36CEC7AFE1F0}.Release|x64.ActiveCfg = Release|Any CPU
		{B81467F7-7329-4BC5-BFF7-36CEC7AFE1F0}.Release|x64.Build.0 = Release|Any CPU
		{B81467F7-7329-4BC5-BFF7-36CEC7AFE1F0}.Release|x86.ActiveCfg = Release|Any CPU
		{B81467F7-7329-4BC5-BFF7-36CEC7AFE1F0}.Release|x86.Build.0 = Release|Any CPU
		{019B7CAC-3AF9-47D6-9BCB-6B9BE37207D4}.Debug|Any CPU.ActiveCfg = Debug|Any CPU
		{019B7CAC-3AF9-47D6-9BCB-6B9BE37207D4}.Debug|Any CPU.Build.0 = Debug|Any CPU
		{019B7CAC-3AF9-47D6-9BCB-6B9BE37207D4}.Debug|x64.ActiveCfg = Debug|Any CPU
		{019B7CAC-3AF9-47D6-9BCB-6B9BE37207D4}.Debug|x64.Build.0 = Debug|Any CPU
		{019B7CAC-3AF9-47D6-9BCB-6B9BE37207D4}.Debug|x86.ActiveCfg = Debug|Any CPU
		{019B7CAC-3AF9-47D6-9BCB-6B9BE37207D4}.Debug|x86.Build.0 = Debug|Any CPU
		{019B7CAC-3AF9-47D6-9BCB-6B9BE37207D4}.Release|Any CPU.ActiveCfg = Release|Any CPU
		{019B7CAC-3AF9-47D6-9BCB-6B9BE37207D4}.Release|Any CPU.Build.0 = Release|Any CPU
		{019B7CAC-3AF9-47D6-9BCB-6B9BE37207D4}.Release|x64.ActiveCfg = Release|Any CPU
		{019B7CAC-3AF9-47D6-9BCB-6B9BE37207D4}.Release|x64.Build.0 = Release|Any CPU
		{019B7CAC-3AF9-47D6-9BCB-6B9BE37207D4}.Release|x86.ActiveCfg = Release|Any CPU
		{019B7CAC-3AF9-47D6-9BCB-6B9BE37207D4}.Release|x86.Build.0 = Release|Any CPU
		{238EE651-0D91-49A2-A208-7CB69DE7F9E6}.Debug|Any CPU.ActiveCfg = Debug|Any CPU
		{238EE651-0D91-49A2-A208-7CB69DE7F9E6}.Debug|Any CPU.Build.0 = Debug|Any CPU
		{238EE651-0D91-49A2-A208-7CB69DE7F9E6}.Debug|x64.ActiveCfg = Debug|Any CPU
		{238EE651-0D91-49A2-A208-7CB69DE7F9E6}.Debug|x64.Build.0 = Debug|Any CPU
		{238EE651-0D91-49A2-A208-7CB69DE7F9E6}.Debug|x86.ActiveCfg = Debug|Any CPU
		{238EE651-0D91-49A2-A208-7CB69DE7F9E6}.Debug|x86.Build.0 = Debug|Any CPU
		{238EE651-0D91-49A2-A208-7CB69DE7F9E6}.Release|Any CPU.ActiveCfg = Release|Any CPU
		{238EE651-0D91-49A2-A208-7CB69DE7F9E6}.Release|Any CPU.Build.0 = Release|Any CPU
		{238EE651-0D91-49A2-A208-7CB69DE7F9E6}.Release|x64.ActiveCfg = Release|Any CPU
		{238EE651-0D91-49A2-A208-7CB69DE7F9E6}.Release|x64.Build.0 = Release|Any CPU
		{238EE651-0D91-49A2-A208-7CB69DE7F9E6}.Release|x86.ActiveCfg = Release|Any CPU
		{238EE651-0D91-49A2-A208-7CB69DE7F9E6}.Release|x86.Build.0 = Release|Any CPU
		{A70FD4BC-82BB-43D0-A755-517C937B3B38}.Debug|Any CPU.ActiveCfg = Debug|Any CPU
		{A70FD4BC-82BB-43D0-A755-517C937B3B38}.Debug|Any CPU.Build.0 = Debug|Any CPU
		{A70FD4BC-82BB-43D0-A755-517C937B3B38}.Debug|x64.ActiveCfg = Debug|Any CPU
		{A70FD4BC-82BB-43D0-A755-517C937B3B38}.Debug|x64.Build.0 = Debug|Any CPU
		{A70FD4BC-82BB-43D0-A755-517C937B3B38}.Debug|x86.ActiveCfg = Debug|Any CPU
		{A70FD4BC-82BB-43D0-A755-517C937B3B38}.Debug|x86.Build.0 = Debug|Any CPU
		{A70FD4BC-82BB-43D0-A755-517C937B3B38}.Release|Any CPU.ActiveCfg = Release|Any CPU
		{A70FD4BC-82BB-43D0-A755-517C937B3B38}.Release|Any CPU.Build.0 = Release|Any CPU
		{A70FD4BC-82BB-43D0-A755-517C937B3B38}.Release|x64.ActiveCfg = Release|Any CPU
		{A70FD4BC-82BB-43D0-A755-517C937B3B38}.Release|x64.Build.0 = Release|Any CPU
		{A70FD4BC-82BB-43D0-A755-517C937B3B38}.Release|x86.ActiveCfg = Release|Any CPU
		{A70FD4BC-82BB-43D0-A755-517C937B3B38}.Release|x86.Build.0 = Release|Any CPU
		{CEBFDB91-349C-4459-99A9-00DDF85B5B9F}.Debug|Any CPU.ActiveCfg = Debug|Any CPU
		{CEBFDB91-349C-4459-99A9-00DDF85B5B9F}.Debug|Any CPU.Build.0 = Debug|Any CPU
		{CEBFDB91-349C-4459-99A9-00DDF85B5B9F}.Debug|x64.ActiveCfg = Debug|Any CPU
		{CEBFDB91-349C-4459-99A9-00DDF85B5B9F}.Debug|x64.Build.0 = Debug|Any CPU
		{CEBFDB91-349C-4459-99A9-00DDF85B5B9F}.Debug|x86.ActiveCfg = Debug|Any CPU
		{CEBFDB91-349C-4459-99A9-00DDF85B5B9F}.Debug|x86.Build.0 = Debug|Any CPU
		{CEBFDB91-349C-4459-99A9-00DDF85B5B9F}.Release|Any CPU.ActiveCfg = Release|Any CPU
		{CEBFDB91-349C-4459-99A9-00DDF85B5B9F}.Release|Any CPU.Build.0 = Release|Any CPU
		{CEBFDB91-349C-4459-99A9-00DDF85B5B9F}.Release|x64.ActiveCfg = Release|Any CPU
		{CEBFDB91-349C-4459-99A9-00DDF85B5B9F}.Release|x64.Build.0 = Release|Any CPU
		{CEBFDB91-349C-4459-99A9-00DDF85B5B9F}.Release|x86.ActiveCfg = Release|Any CPU
		{CEBFDB91-349C-4459-99A9-00DDF85B5B9F}.Release|x86.Build.0 = Release|Any CPU
		{C1864032-992F-456C-A263-A15A3DD6E35B}.Debug|Any CPU.ActiveCfg = Debug|Any CPU
		{C1864032-992F-456C-A263-A15A3DD6E35B}.Debug|Any CPU.Build.0 = Debug|Any CPU
		{C1864032-992F-456C-A263-A15A3DD6E35B}.Debug|x64.ActiveCfg = Debug|Any CPU
		{C1864032-992F-456C-A263-A15A3DD6E35B}.Debug|x64.Build.0 = Debug|Any CPU
		{C1864032-992F-456C-A263-A15A3DD6E35B}.Debug|x86.ActiveCfg = Debug|Any CPU
		{C1864032-992F-456C-A263-A15A3DD6E35B}.Debug|x86.Build.0 = Debug|Any CPU
		{C1864032-992F-456C-A263-A15A3DD6E35B}.Release|Any CPU.ActiveCfg = Release|Any CPU
		{C1864032-992F-456C-A263-A15A3DD6E35B}.Release|Any CPU.Build.0 = Release|Any CPU
		{C1864032-992F-456C-A263-A15A3DD6E35B}.Release|x64.ActiveCfg = Release|Any CPU
		{C1864032-992F-456C-A263-A15A3DD6E35B}.Release|x64.Build.0 = Release|Any CPU
		{C1864032-992F-456C-A263-A15A3DD6E35B}.Release|x86.ActiveCfg = Release|Any CPU
		{C1864032-992F-456C-A263-A15A3DD6E35B}.Release|x86.Build.0 = Release|Any CPU
	EndGlobalSection
	GlobalSection(SolutionProperties) = preSolution
		HideSolutionNode = FALSE
	EndGlobalSection
	GlobalSection(ExtensibilityGlobals) = postSolution
		SolutionGuid = {A44A2397-4103-4731-A2CC-6733C685D4FA}
	EndGlobalSection
EndGlobal
